
Microsoft Visual Studio Solution File, Format Version 12.00
Project("{2150E333-8FDC-42A3-9474-1A3956D46DE8}") = "API", "API", "{FA44FA96-7C84-4F38-B462-3343417DD677}"
EndProject
Project("{2150E333-8FDC-42A3-9474-1A3956D46DE8}") = "Domain", "Domain", "{327EDAE0-3698-47FF-B63E-1ACAE81E4C9E}"
EndProject
Project("{2150E333-8FDC-42A3-9474-1A3956D46DE8}") = "Infrastructure", "Infrastructure", "{50EB3441-6CAA-4F94-922A-94551C75D443}"
EndProject
Project("{2150E333-8FDC-42A3-9474-1A3956D46DE8}") = "Services", "Services", "{24330214-9099-4F67-9AF3-F7BB95C063EC}"
EndProject
Project("{2150E333-8FDC-42A3-9474-1A3956D46DE8}") = "Solution Items", "Solution Items", "{DB23D4AD-3AFF-47E3-ACCE-AE3AB8C1B6BA}"
EndProject
Project("{2150E333-8FDC-42A3-9474-1A3956D46DE8}") = "Util", "Util", "{9E8C9128-B6E7-452D-884D-6C8C44E83991}"
EndProject
Project("{FAE04EC0-301F-11D3-BF4B-00C04F79EFBC}") = "FunkyBank.CustomersApi", "FunkyBank.CustomersApi\FunkyBank.CustomersApi.csproj", "{833B4070-5120-4E46-8DFA-8F89BFDF5ABD}"
EndProject
Project("{FAE04EC0-301F-11D3-BF4B-00C04F79EFBC}") = "FunkyBank.DTO", "FunkyBank.DTO\FunkyBank.DTO.csproj", "{A8B99032-571E-4FA5-B8A5-FCB95C473C17}"
EndProject
Project("{FAE04EC0-301F-11D3-BF4B-00C04F79EFBC}") = "FunkyBank.Core", "FunkyBank.Core\FunkyBank.Core.csproj", "{8738A4F9-FEB0-49D6-8CF8-EFD63C42EA8B}"
EndProject
Project("{FAE04EC0-301F-11D3-BF4B-00C04F79EFBC}") = "FunkyBank.DataAccess.Core", "FunkyBank.DataAccess.Core\FunkyBank.DataAccess.Core.csproj", "{07241806-8A51-4496-8A7F-E9DD828058CE}"
EndProject
Project("{FAE04EC0-301F-11D3-BF4B-00C04F79EFBC}") = "FunkyBank.DataAccess.Dapper", "FunkyBank.DataAccess.Dapper\FunkyBank.DataAccess.Dapper.csproj", "{DAAF0A5D-45F2-461F-BB97-F14F7FC8C0C1}"
EndProject
Project("{FAE04EC0-301F-11D3-BF4B-00C04F79EFBC}") = "FunkyBank.Services", "FunkyBank.Services\FunkyBank.Services.csproj", "{6BCE0884-A875-469A-A065-B3A5E56882C1}"
EndProject
Project("{FAE04EC0-301F-11D3-BF4B-00C04F79EFBC}") = "FunkyBank.DataAccess.Migrations.DbUp", "FunkyBank.DataAccess.Migrations.DbUp\FunkyBank.DataAccess.Migrations.DbUp.csproj", "{67365DE2-33ED-47A6-A254-5DA1CE6A390C}"
EndProject
Project("{FAE04EC0-301F-11D3-BF4B-00C04F79EFBC}") = "Tests", "Tests\Tests.csproj", "{77479E2C-A547-4557-8C9C-F93E5F1E070A}"
EndProject
Global
	GlobalSection(SolutionConfigurationPlatforms) = preSolution
		Debug|Any CPU = Debug|Any CPU
		Release|Any CPU = Release|Any CPU
	EndGlobalSection
	GlobalSection(ProjectConfigurationPlatforms) = postSolution
		{833B4070-5120-4E46-8DFA-8F89BFDF5ABD}.Debug|Any CPU.ActiveCfg = Debug|Any CPU
		{833B4070-5120-4E46-8DFA-8F89BFDF5ABD}.Debug|Any CPU.Build.0 = Debug|Any CPU
		{833B4070-5120-4E46-8DFA-8F89BFDF5ABD}.Release|Any CPU.ActiveCfg = Release|Any CPU
		{833B4070-5120-4E46-8DFA-8F89BFDF5ABD}.Release|Any CPU.Build.0 = Release|Any CPU
		{A8B99032-571E-4FA5-B8A5-FCB95C473C17}.Debug|Any CPU.ActiveCfg = Debug|Any CPU
		{A8B99032-571E-4FA5-B8A5-FCB95C473C17}.Debug|Any CPU.Build.0 = Debug|Any CPU
		{A8B99032-571E-4FA5-B8A5-FCB95C473C17}.Release|Any CPU.ActiveCfg = Release|Any CPU
		{A8B99032-571E-4FA5-B8A5-FCB95C473C17}.Release|Any CPU.Build.0 = Release|Any CPU
		{8738A4F9-FEB0-49D6-8CF8-EFD63C42EA8B}.Debug|Any CPU.ActiveCfg = Debug|Any CPU
		{8738A4F9-FEB0-49D6-8CF8-EFD63C42EA8B}.Debug|Any CPU.Build.0 = Debug|Any CPU
		{8738A4F9-FEB0-49D6-8CF8-EFD63C42EA8B}.Release|Any CPU.ActiveCfg = Release|Any CPU
		{8738A4F9-FEB0-49D6-8CF8-EFD63C42EA8B}.Release|Any CPU.Build.0 = Release|Any CPU
		{07241806-8A51-4496-8A7F-E9DD828058CE}.Debug|Any CPU.ActiveCfg = Debug|Any CPU
		{07241806-8A51-4496-8A7F-E9DD828058CE}.Debug|Any CPU.Build.0 = Debug|Any CPU
		{07241806-8A51-4496-8A7F-E9DD828058CE}.Release|Any CPU.ActiveCfg = Release|Any CPU
		{07241806-8A51-4496-8A7F-E9DD828058CE}.Release|Any CPU.Build.0 = Release|Any CPU
		{DAAF0A5D-45F2-461F-BB97-F14F7FC8C0C1}.Debug|Any CPU.ActiveCfg = Debug|Any CPU
		{DAAF0A5D-45F2-461F-BB97-F14F7FC8C0C1}.Debug|Any CPU.Build.0 = Debug|Any CPU
		{DAAF0A5D-45F2-461F-BB97-F14F7FC8C0C1}.Release|Any CPU.ActiveCfg = Release|Any CPU
		{DAAF0A5D-45F2-461F-BB97-F14F7FC8C0C1}.Release|Any CPU.Build.0 = Release|Any CPU
		{6BCE0884-A875-469A-A065-B3A5E56882C1}.Debug|Any CPU.ActiveCfg = Debug|Any CPU
		{6BCE0884-A875-469A-A065-B3A5E56882C1}.Debug|Any CPU.Build.0 = Debug|Any CPU
		{6BCE0884-A875-469A-A065-B3A5E56882C1}.Release|Any CPU.ActiveCfg = Release|Any CPU
		{6BCE0884-A875-469A-A065-B3A5E56882C1}.Release|Any CPU.Build.0 = Release|Any CPU
		{67365DE2-33ED-47A6-A254-5DA1CE6A390C}.Debug|Any CPU.ActiveCfg = Debug|Any CPU
		{67365DE2-33ED-47A6-A254-5DA1CE6A390C}.Debug|Any CPU.Build.0 = Debug|Any CPU
		{67365DE2-33ED-47A6-A254-5DA1CE6A390C}.Release|Any CPU.ActiveCfg = Release|Any CPU
		{67365DE2-33ED-47A6-A254-5DA1CE6A390C}.Release|Any CPU.Build.0 = Release|Any CPU
		{77479E2C-A547-4557-8C9C-F93E5F1E070A}.Debug|Any CPU.ActiveCfg = Debug|Any CPU
		{77479E2C-A547-4557-8C9C-F93E5F1E070A}.Debug|Any CPU.Build.0 = Debug|Any CPU
		{77479E2C-A547-4557-8C9C-F93E5F1E070A}.Release|Any CPU.ActiveCfg = Release|Any CPU
		{77479E2C-A547-4557-8C9C-F93E5F1E070A}.Release|Any CPU.Build.0 = Release|Any CPU
	EndGlobalSection
	GlobalSection(NestedProjects) = preSolution
		{833B4070-5120-4E46-8DFA-8F89BFDF5ABD} = {FA44FA96-7C84-4F38-B462-3343417DD677}
		{A8B99032-571E-4FA5-B8A5-FCB95C473C17} = {FA44FA96-7C84-4F38-B462-3343417DD677}
		{8738A4F9-FEB0-49D6-8CF8-EFD63C42EA8B} = {327EDAE0-3698-47FF-B63E-1ACAE81E4C9E}
		{07241806-8A51-4496-8A7F-E9DD828058CE} = {327EDAE0-3698-47FF-B63E-1ACAE81E4C9E}
		{DAAF0A5D-45F2-461F-BB97-F14F7FC8C0C1} = {50EB3441-6CAA-4F94-922A-94551C75D443}
		{6BCE0884-A875-469A-A065-B3A5E56882C1} = {24330214-9099-4F67-9AF3-F7BB95C063EC}
		{67365DE2-33ED-47A6-A254-5DA1CE6A390C} = {9E8C9128-B6E7-452D-884D-6C8C44E83991}
	EndGlobalSection
EndGlobal
